<?xml version="1.0" encoding="utf-8"?>
<Project ToolsVersion="4.0" xmlns="http://schemas.microsoft.com/developer/msbuild/2003">
  <ItemGroup>
    <Filter Include="Source Files">
      <UniqueIdentifier>{4FC737F1-C7A5-4376-A066-2A32D752A2FF}</UniqueIdentifier>
      <Extensions>cpp;c;cc;cxx;c++;cppm;ixx;def;odl;idl;hpj;bat;asm;asmx</Extensions>
    </Filter>
    <Filter Include="Header Files">
      <UniqueIdentifier>{93995380-89BD-4b04-88EB-625FBE52EBFB}</UniqueIdentifier>
      <Extensions>h;hh;hpp;hxx;h++;hm;inl;inc;ipp;xsd</Extensions>
    </Filter>
    <Filter Include="Resource Files">
      <UniqueIdentifier>{67DA6AB6-F800-4c08-8B7A-83BB121AAD01}</UniqueIdentifier>
      <Extensions>rc;ico;cur;bmp;dlg;rc2;rct;bin;rgs;gif;jpg;jpeg;jpe;resx;tiff;tif;png;wav;mfcribbon-ms</Extensions>
    </Filter>
    <Filter Include="Source Files\lib">
      <UniqueIdentifier>{34ffe274-84dc-45e3-9835-e4e850aac935}</UniqueIdentifier>
    </Filter>
    <Filter Include="Header Files\lib">
      <UniqueIdentifier>{2b556f84-b147-4f96-9c5e-49169c8b69a1}</UniqueIdentifier>
    </Filter>
  </ItemGroup>
  <ItemGroup>
    <ClInclude Include="resource.h">
      <Filter>Header Files</Filter>
    </ClInclude>
    <ClInclude Include="lib\ImGui\imconfig.h">
      <Filter>Header Files\lib</Filter>
    </ClInclude>
    <ClInclude Include="lib\ImGui\imgui.h">
      <Filter>Header Files\lib</Filter>
    </ClInclude>
    <ClInclude Include="lib\ImGui\imgui_internal.h">
      <Filter>Header Files\lib</Filter>
    </ClInclude>
    <ClInclude Include="lib\ImGui\imgui_impl_allegro5.h">
      <Filter>Header Files\lib</Filter>
    </ClInclude>
    <ClInclude Include="lib\ImGui\imstb_rectpack.h">
      <Filter>Header Files\lib</Filter>
    </ClInclude>
    <ClInclude Include="lib\ImGui\imstb_textedit.h">
      <Filter>Header Files\lib</Filter>
    </ClInclude>
    <ClInclude Include="lib\ImGui\imstb_truetype.h">
      <Filter>Header Files\lib</Filter>
    </ClInclude>
    <ClInclude Include="src\World.h">
      <Filter>Header Files</Filter>
    </ClInclude>
    <ClInclude Include="src\Worm.h">
      <Filter>Header Files</Filter>
    </ClInclude>
    <ClInclude Include="src\Coordinates.h">
      <Filter>Header Files</Filter>
    </ClInclude>
  </ItemGroup>
  <ItemGroup>
    <Image Include="Resources\Scenario.png">
      <Filter>Resource Files</Filter>
    </Image>
    <Image Include="Resources\wwalking\wwalk-F1.png">
      <Filter>Resource Files</Filter>
    </Image>
    <Image Include="Resources\wwalking\wwalk-F2.png">
      <Filter>Resource Files</Filter>
    </Image>
    <Image Include="Resources\wwalking\wwalk-F3.png">
      <Filter>Resource Files</Filter>
    </Image>
    <Image Include="Resources\wwalking\wwalk-F4.png">
      <Filter>Resource Files</Filter>
    </Image>
    <Image Include="Resources\wwalking\wwalk-F5.png">
      <Filter>Resource Files</Filter>
    </Image>
    <Image Include="Resources\wwalking\wwalk-F6.png">
      <Filter>Resource Files</Filter>
    </Image>
    <Image Include="Resources\wwalking\wwalk-F7.png">
      <Filter>Resource Files</Filter>
    </Image>
    <Image Include="Resources\wwalking\wwalk-F8.png">
      <Filter>Resource Files</Filter>
    </Image>
    <Image Include="Resources\wwalking\wwalk-F9.png">
      <Filter>Resource Files</Filter>
    </Image>
    <Image Include="Resources\wwalking\wwalk-F10.png">
      <Filter>Resource Files</Filter>
    </Image>
    <Image Include="Resources\wwalking\wwalk-F11.png">
      <Filter>Resource Files</Filter>
    </Image>
    <Image Include="Resources\wwalking\wwalk-F12.png">
      <Filter>Resource Files</Filter>
    </Image>
    <Image Include="Resources\wwalking\wwalk-F13.png">
      <Filter>Resource Files</Filter>
    </Image>
    <Image Include="Resources\wwalking\wwalk-F14.png">
      <Filter>Resource Files</Filter>
    </Image>
    <Image Include="Resources\wwalking\wwalk-F15.png">
      <Filter>Resource Files</Filter>
    </Image>
    <Image Include="Resources\wjump\wjump-F1.png">
      <Filter>Resource Files</Filter>
    </Image>
    <Image Include="Resources\wjump\wjump-F2.png">
      <Filter>Resource Files</Filter>
    </Image>
    <Image Include="Resources\wjump\wjump-F3.png">
      <Filter>Resource Files</Filter>
    </Image>
    <Image Include="Resources\wjump\wjump-F4.png">
      <Filter>Resource Files</Filter>
    </Image>
    <Image Include="Resources\wjump\wjump-F5.png">
      <Filter>Resource Files</Filter>
    </Image>
    <Image Include="Resources\wjump\wjump-F6.png">
      <Filter>Resource Files</Filter>
    </Image>
    <Image Include="Resources\wjump\wjump-F7.png">
      <Filter>Resource Files</Filter>
    </Image>
    <Image Include="Resources\wjump\wjump-F8.png">
      <Filter>Resource Files</Filter>
    </Image>
    <Image Include="Resources\wjump\wjump-F9.png">
      <Filter>Resource Files</Filter>
    </Image>
    <Image Include="Resources\wjump\wjump-F10.png">
      <Filter>Resource Files</Filter>
    </Image>
  </ItemGroup>
  <ItemGroup>
    <ResourceCompile Include="TP4EDA.rc">
      <Filter>Resource Files</Filter>
    </ResourceCompile>
  </ItemGroup>
  <ItemGroup>
    <ClCompile Include="src\TP4EDA.cpp">
      <Filter>Source Files</Filter>
    </ClCompile>
    <ClCompile Include="lib\ImGui\imgui.cpp">
      <Filter>Source Files\lib</Filter>
    </ClCompile>
    <ClCompile Include="lib\ImGui\imgui_demo.cpp">
      <Filter>Source Files\lib</Filter>
    </ClCompile>
    <ClCompile Include="lib\ImGui\imgui_draw.cpp">
      <Filter>Source Files\lib</Filter>
    </ClCompile>
    <ClCompile Include="lib\ImGui\imgui_impl_allegro5.cpp">
      <Filter>Source Files\lib</Filter>
    </ClCompile>
    <ClCompile Include="lib\ImGui\imgui_tables.cpp">
      <Filter>Source Files\lib</Filter>
    </ClCompile>
    <ClCompile Include="lib\ImGui\imgui_widgets.cpp">
      <Filter>Source Files\lib</Filter>
    </ClCompile>
    <ClCompile Include="src\World.cpp">
      <Filter>Source Files</Filter>
    </ClCompile>
    <ClCompile Include="src\Worm.cpp">
      <Filter>Source Files</Filter>
    </ClCompile>
    <ClCompile Include="src\Coordinates.cpp">
      <Filter>Source Files</Filter>
    </ClCompile>
  </ItemGroup>
</Project>